{
  "originHash" : "e62582fcfdd8e055d4136ab4678a31530e2d9975aee91df3b5ec1c55ac41f52d",
  "pins" : [
    {
      "identity" : "ios-cellgridview",
      "kind" : "remoteSourceControl",
      "location" : "https://github.com/dmichaels/ios-cellgridview.git",
      "state" : {
        "branch" : "main",
        "revision" : "9219b3b52e620d43a8ef860cd620b3ea17ada135"
      }
    },
    {
      "identity" : "ios-utils",
      "kind" : "remoteSourceControl",
      "location" : "https://github.com/dmichaels/ios-utils.git",
      "state" : {
        "branch" : "main",
        "revision" : "4cd4f3c1cfe4f4f754b92d668f8c6e025de043f7"
      }
    }
  ],
  "version" : 3
}
