{
  "originHash" : "e62582fcfdd8e055d4136ab4678a31530e2d9975aee91df3b5ec1c55ac41f52d",
  "pins" : [
    {
      "identity" : "ios-cellgridview",
      "kind" : "remoteSourceControl",
      "location" : "https://github.com/dmichaels/ios-cellgridview.git",
      "state" : {
        "branch" : "main",
        "revision" : "dd4a36cb7a0c76c026bd759e5a1fa6cc6deae610"
      }
    },
    {
      "identity" : "ios-utils",
      "kind" : "remoteSourceControl",
      "location" : "https://github.com/dmichaels/ios-utils.git",
      "state" : {
        "branch" : "main",
        "revision" : "248b525ea3d88106b78c56ec979e448fba34568c"
      }
    }
  ],
  "version" : 3
}
