// !$*UTF8*$!
{
	archiveVersion = 1;
	classes = {
	};
	objectVersion = 77;
	objects = {

/* Begin PBXBuildFile section */
		9811BA6C2DF1B52D005A2F71 /* Utils in Frameworks */ = {isa = PBXBuildFile; productRef = 9811BA6B2DF1B52D005A2F71 /* Utils */; };
		9811BA6F2DF1B55E005A2F71 /* CellGridView in Frameworks */ = {isa = PBXBuildFile; productRef = 9811BA6E2DF1B55E005A2F71 /* CellGridView */; };
/* End PBXBuildFile section */

/* Begin PBXContainerItemProxy section */
		9811BA4E2DF1B4DA005A2F71 /* PBXContainerItemProxy */ = {
			isa = PBXContainerItemProxy;
			containerPortal = 9811BA382DF1B4D9005A2F71 /* Project object */;
			proxyType = 1;
			remoteGlobalIDString = 9811BA3F2DF1B4D9005A2F71;
			remoteInfo = LifeGame;
		};
		9811BA582DF1B4DA005A2F71 /* PBXContainerItemProxy */ = {
			isa = PBXContainerItemProxy;
			containerPortal = 9811BA382DF1B4D9005A2F71 /* Project object */;
			proxyType = 1;
			remoteGlobalIDString = 9811BA3F2DF1B4D9005A2F71;
			remoteInfo = LifeGame;
		};
/* End PBXContainerItemProxy section */

/* Begin PBXFileReference section */
		9811BA402DF1B4D9005A2F71 /* LifeGame.app */ = {isa = PBXFileReference; explicitFileType = wrapper.application; includeInIndex = 0; path = LifeGame.app; sourceTree = BUILT_PRODUCTS_DIR; };
		9811BA4D2DF1B4DA005A2F71 /* LifeGameTests.xctest */ = {isa = PBXFileReference; explicitFileType = wrapper.cfbundle; includeInIndex = 0; path = LifeGameTests.xctest; sourceTree = BUILT_PRODUCTS_DIR; };
		9811BA572DF1B4DA005A2F71 /* LifeGameUITests.xctest */ = {isa = PBXFileReference; explicitFileType = wrapper.cfbundle; includeInIndex = 0; path = LifeGameUITests.xctest; sourceTree = BUILT_PRODUCTS_DIR; };
/* End PBXFileReference section */

/* Begin PBXFileSystemSynchronizedBuildFileExceptionSet section */
		98BEE1162E302AFC00F75119 /* Exceptions for "LifeGame" folder in "LifeGame" target */ = {
			isa = PBXFileSystemSynchronizedBuildFileExceptionSet;
			membershipExceptions = (
				Info.plist,
			);
			target = 9811BA3F2DF1B4D9005A2F71 /* LifeGame */;
		};
/* End PBXFileSystemSynchronizedBuildFileExceptionSet section */

/* Begin PBXFileSystemSynchronizedRootGroup section */
		9811BA422DF1B4D9005A2F71 /* LifeGame */ = {
			isa = PBXFileSystemSynchronizedRootGroup;
			exceptions = (
				98BEE1162E302AFC00F75119 /* Exceptions for "LifeGame" folder in "LifeGame" target */,
			);
			path = LifeGame;
			sourceTree = "<group>";
		};
		9811BA502DF1B4DA005A2F71 /* LifeGameTests */ = {
			isa = PBXFileSystemSynchronizedRootGroup;
			path = LifeGameTests;
			sourceTree = "<group>";
		};
		9811BA5A2DF1B4DA005A2F71 /* LifeGameUITests */ = {
			isa = PBXFileSystemSynchronizedRootGroup;
			path = LifeGameUITests;
			sourceTree = "<group>";
		};
/* End PBXFileSystemSynchronizedRootGroup section */

/* Begin PBXFrameworksBuildPhase section */
		9811BA3D2DF1B4D9005A2F71 /* Frameworks */ = {
			isa = PBXFrameworksBuildPhase;
			buildActionMask = 2147483647;
			files = (
				9811BA6C2DF1B52D005A2F71 /* Utils in Frameworks */,
				9811BA6F2DF1B55E005A2F71 /* CellGridView in Frameworks */,
			);
			runOnlyForDeploymentPostprocessing = 0;
		};
		9811BA4A2DF1B4DA005A2F71 /* Frameworks */ = {
			isa = PBXFrameworksBuildPhase;
			buildActionMask = 2147483647;
			files = (
			);
			runOnlyForDeploymentPostprocessing = 0;
		};
		9811BA542DF1B4DA005A2F71 /* Frameworks */ = {
			isa = PBXFrameworksBuildPhase;
			buildActionMask = 2147483647;
			files = (
			);
			runOnlyForDeploymentPostprocessing = 0;
		};
/* End PBXFrameworksBuildPhase section */

/* Begin PBXGroup section */
		9811BA372DF1B4D9005A2F71 = {
			isa = PBXGroup;
			children = (
				9811BA422DF1B4D9005A2F71 /* LifeGame */,
				9811BA502DF1B4DA005A2F71 /* LifeGameTests */,
				9811BA5A2DF1B4DA005A2F71 /* LifeGameUITests */,
				9811BA412DF1B4D9005A2F71 /* Products */,
			);
			sourceTree = "<group>";
		};
		9811BA412DF1B4D9005A2F71 /* Products */ = {
			isa = PBXGroup;
			children = (
				9811BA402DF1B4D9005A2F71 /* LifeGame.app */,
				9811BA4D2DF1B4DA005A2F71 /* LifeGameTests.xctest */,
				9811BA572DF1B4DA005A2F71 /* LifeGameUITests.xctest */,
			);
			name = Products;
			sourceTree = "<group>";
		};
/* End PBXGroup section */

/* Begin PBXNativeTarget section */
		9811BA3F2DF1B4D9005A2F71 /* LifeGame */ = {
			isa = PBXNativeTarget;
			buildConfigurationList = 9811BA612DF1B4DA005A2F71 /* Build configuration list for PBXNativeTarget "LifeGame" */;
			buildPhases = (
				9811BA3C2DF1B4D9005A2F71 /* Sources */,
				9811BA3D2DF1B4D9005A2F71 /* Frameworks */,
				9811BA3E2DF1B4D9005A2F71 /* Resources */,
			);
			buildRules = (
			);
			dependencies = (
			);
			fileSystemSynchronizedGroups = (
				9811BA422DF1B4D9005A2F71 /* LifeGame */,
			);
			name = LifeGame;
			packageProductDependencies = (
				9811BA6B2DF1B52D005A2F71 /* Utils */,
				9811BA6E2DF1B55E005A2F71 /* CellGridView */,
			);
			productName = LifeGame;
			productReference = 9811BA402DF1B4D9005A2F71 /* LifeGame.app */;
			productType = "com.apple.product-type.application";
		};
		9811BA4C2DF1B4DA005A2F71 /* LifeGameTests */ = {
			isa = PBXNativeTarget;
			buildConfigurationList = 9811BA642DF1B4DA005A2F71 /* Build configuration list for PBXNativeTarget "LifeGameTests" */;
			buildPhases = (
				9811BA492DF1B4DA005A2F71 /* Sources */,
				9811BA4A2DF1B4DA005A2F71 /* Frameworks */,
				9811BA4B2DF1B4DA005A2F71 /* Resources */,
			);
			buildRules = (
			);
			dependencies = (
				9811BA4F2DF1B4DA005A2F71 /* PBXTargetDependency */,
			);
			fileSystemSynchronizedGroups = (
				9811BA502DF1B4DA005A2F71 /* LifeGameTests */,
			);
			name = LifeGameTests;
			packageProductDependencies = (
			);
			productName = LifeGameTests;
			productReference = 9811BA4D2DF1B4DA005A2F71 /* LifeGameTests.xctest */;
			productType = "com.apple.product-type.bundle.unit-test";
		};
		9811BA562DF1B4DA005A2F71 /* LifeGameUITests */ = {
			isa = PBXNativeTarget;
			buildConfigurationList = 9811BA672DF1B4DA005A2F71 /* Build configuration list for PBXNativeTarget "LifeGameUITests" */;
			buildPhases = (
				9811BA532DF1B4DA005A2F71 /* Sources */,
				9811BA542DF1B4DA005A2F71 /* Frameworks */,
				9811BA552DF1B4DA005A2F71 /* Resources */,
			);
			buildRules = (
			);
			dependencies = (
				9811BA592DF1B4DA005A2F71 /* PBXTargetDependency */,
			);
			fileSystemSynchronizedGroups = (
				9811BA5A2DF1B4DA005A2F71 /* LifeGameUITests */,
			);
			name = LifeGameUITests;
			packageProductDependencies = (
			);
			productName = LifeGameUITests;
			productReference = 9811BA572DF1B4DA005A2F71 /* LifeGameUITests.xctest */;
			productType = "com.apple.product-type.bundle.ui-testing";
		};
/* End PBXNativeTarget section */

/* Begin PBXProject section */
		9811BA382DF1B4D9005A2F71 /* Project object */ = {
			isa = PBXProject;
			attributes = {
				BuildIndependentTargetsInParallel = 1;
				LastSwiftUpdateCheck = 1630;
				LastUpgradeCheck = 1630;
				TargetAttributes = {
					9811BA3F2DF1B4D9005A2F71 = {
						CreatedOnToolsVersion = 16.3;
					};
					9811BA4C2DF1B4DA005A2F71 = {
						CreatedOnToolsVersion = 16.3;
						TestTargetID = 9811BA3F2DF1B4D9005A2F71;
					};
					9811BA562DF1B4DA005A2F71 = {
						CreatedOnToolsVersion = 16.3;
						TestTargetID = 9811BA3F2DF1B4D9005A2F71;
					};
				};
			};
			buildConfigurationList = 9811BA3B2DF1B4D9005A2F71 /* Build configuration list for PBXProject "LifeGame" */;
			developmentRegion = en;
			hasScannedForEncodings = 0;
			knownRegions = (
				en,
				Base,
			);
			mainGroup = 9811BA372DF1B4D9005A2F71;
			minimizedProjectReferenceProxies = 1;
			packageReferences = (
				9811BA6A2DF1B52D005A2F71 /* XCLocalSwiftPackageReference "../../ios-utils/Utils" */,
				9811BA6D2DF1B55E005A2F71 /* XCLocalSwiftPackageReference "../../ios-cellgridview/CellGridView" */,
			);
			preferredProjectObjectVersion = 77;
			productRefGroup = 9811BA412DF1B4D9005A2F71 /* Products */;
			projectDirPath = "";
			projectRoot = "";
			targets = (
				9811BA3F2DF1B4D9005A2F71 /* LifeGame */,
				9811BA4C2DF1B4DA005A2F71 /* LifeGameTests */,
				9811BA562DF1B4DA005A2F71 /* LifeGameUITests */,
			);
		};
/* End PBXProject section */

/* Begin PBXResourcesBuildPhase section */
		9811BA3E2DF1B4D9005A2F71 /* Resources */ = {
			isa = PBXResourcesBuildPhase;
			buildActionMask = 2147483647;
			files = (
			);
			runOnlyForDeploymentPostprocessing = 0;
		};
		9811BA4B2DF1B4DA005A2F71 /* Resources */ = {
			isa = PBXResourcesBuildPhase;
			buildActionMask = 2147483647;
			files = (
			);
			runOnlyForDeploymentPostprocessing = 0;
		};
		9811BA552DF1B4DA005A2F71 /* Resources */ = {
			isa = PBXResourcesBuildPhase;
			buildActionMask = 2147483647;
			files = (
			);
			runOnlyForDeploymentPostprocessing = 0;
		};
/* End PBXResourcesBuildPhase section */

/* Begin PBXSourcesBuildPhase section */
		9811BA3C2DF1B4D9005A2F71 /* Sources */ = {
			isa = PBXSourcesBuildPhase;
			buildActionMask = 2147483647;
			files = (
			);
			runOnlyForDeploymentPostprocessing = 0;
		};
		9811BA492DF1B4DA005A2F71 /* Sources */ = {
			isa = PBXSourcesBuildPhase;
			buildActionMask = 2147483647;
			files = (
			);
			runOnlyForDeploymentPostprocessing = 0;
		};
		9811BA532DF1B4DA005A2F71 /* Sources */ = {
			isa = PBXSourcesBuildPhase;
			buildActionMask = 2147483647;
			files = (
			);
			runOnlyForDeploymentPostprocessing = 0;
		};
/* End PBXSourcesBuildPhase section */

/* Begin PBXTargetDependency section */
		9811BA4F2DF1B4DA005A2F71 /* PBXTargetDependency */ = {
			isa = PBXTargetDependency;
			target = 9811BA3F2DF1B4D9005A2F71 /* LifeGame */;
			targetProxy = 9811BA4E2DF1B4DA005A2F71 /* PBXContainerItemProxy */;
		};
		9811BA592DF1B4DA005A2F71 /* PBXTargetDependency */ = {
			isa = PBXTargetDependency;
			target = 9811BA3F2DF1B4D9005A2F71 /* LifeGame */;
			targetProxy = 9811BA582DF1B4DA005A2F71 /* PBXContainerItemProxy */;
		};
/* End PBXTargetDependency section */

/* Begin XCBuildConfiguration section */
		9811BA5F2DF1B4DA005A2F71 /* Debug */ = {
			isa = XCBuildConfiguration;
			buildSettings = {
				ALWAYS_SEARCH_USER_PATHS = NO;
				ASSETCATALOG_COMPILER_GENERATE_SWIFT_ASSET_SYMBOL_EXTENSIONS = YES;
				CLANG_ANALYZER_NONNULL = YES;
				CLANG_ANALYZER_NUMBER_OBJECT_CONVERSION = YES_AGGRESSIVE;
				CLANG_CXX_LANGUAGE_STANDARD = "gnu++20";
				CLANG_ENABLE_MODULES = YES;
				CLANG_ENABLE_OBJC_ARC = YES;
				CLANG_ENABLE_OBJC_WEAK = YES;
				CLANG_WARN_BLOCK_CAPTURE_AUTORELEASING = YES;
				CLANG_WARN_BOOL_CONVERSION = YES;
				CLANG_WARN_COMMA = YES;
				CLANG_WARN_CONSTANT_CONVERSION = YES;
				CLANG_WARN_DEPRECATED_OBJC_IMPLEMENTATIONS = YES;
				CLANG_WARN_DIRECT_OBJC_ISA_USAGE = YES_ERROR;
				CLANG_WARN_DOCUMENTATION_COMMENTS = YES;
				CLANG_WARN_EMPTY_BODY = YES;
				CLANG_WARN_ENUM_CONVERSION = YES;
				CLANG_WARN_INFINITE_RECURSION = YES;
				CLANG_WARN_INT_CONVERSION = YES;
				CLANG_WARN_NON_LITERAL_NULL_CONVERSION = YES;
				CLANG_WARN_OBJC_IMPLICIT_RETAIN_SELF = YES;
				CLANG_WARN_OBJC_LITERAL_CONVERSION = YES;
				CLANG_WARN_OBJC_ROOT_CLASS = YES_ERROR;
				CLANG_WARN_QUOTED_INCLUDE_IN_FRAMEWORK_HEADER = YES;
				CLANG_WARN_RANGE_LOOP_ANALYSIS = YES;
				CLANG_WARN_STRICT_PROTOTYPES = YES;
				CLANG_WARN_SUSPICIOUS_MOVE = YES;
				CLANG_WARN_UNGUARDED_AVAILABILITY = YES_AGGRESSIVE;
				CLANG_WARN_UNREACHABLE_CODE = YES;
				CLANG_WARN__DUPLICATE_METHOD_MATCH = YES;
				COPY_PHASE_STRIP = NO;
				DEBUG_INFORMATION_FORMAT = dwarf;
				DEVELOPMENT_TEAM = N76S683655;
				ENABLE_STRICT_OBJC_MSGSEND = YES;
				ENABLE_TESTABILITY = YES;
				ENABLE_USER_SCRIPT_SANDBOXING = YES;
				GCC_C_LANGUAGE_STANDARD = gnu17;
				GCC_DYNAMIC_NO_PIC = NO;
				GCC_NO_COMMON_BLOCKS = YES;
				GCC_OPTIMIZATION_LEVEL = 0;
				GCC_PREPROCESSOR_DEFINITIONS = (
					"DEBUG=1",
					"$(inherited)",
				);
				GCC_WARN_64_TO_32_BIT_CONVERSION = YES;
				GCC_WARN_ABOUT_RETURN_TYPE = YES_ERROR;
				GCC_WARN_UNDECLARED_SELECTOR = YES;
				GCC_WARN_UNINITIALIZED_AUTOS = YES_AGGRESSIVE;
				GCC_WARN_UNUSED_FUNCTION = YES;
				GCC_WARN_UNUSED_VARIABLE = YES;
				INFOPLIST_FILE = LifeGame/Info.plist;
				IPHONEOS_DEPLOYMENT_TARGET = 17.6;
				LOCALIZATION_PREFERS_STRING_CATALOGS = YES;
				MTL_ENABLE_DEBUG_INFO = INCLUDE_SOURCE;
				MTL_FAST_MATH = YES;
				ONLY_ACTIVE_ARCH = YES;
				SDKROOT = iphoneos;
				SWIFT_ACTIVE_COMPILATION_CONDITIONS = "DEBUG $(inherited)";
				SWIFT_OPTIMIZATION_LEVEL = "-Onone";
			};
			name = Debug;
		};
		9811BA602DF1B4DA005A2F71 /* Release */ = {
			isa = XCBuildConfiguration;
			buildSettings = {
				ALWAYS_SEARCH_USER_PATHS = NO;
				ASSETCATALOG_COMPILER_GENERATE_SWIFT_ASSET_SYMBOL_EXTENSIONS = YES;
				CLANG_ANALYZER_NONNULL = YES;
				CLANG_ANALYZER_NUMBER_OBJECT_CONVERSION = YES_AGGRESSIVE;
				CLANG_CXX_LANGUAGE_STANDARD = "gnu++20";
				CLANG_ENABLE_MODULES = YES;
				CLANG_ENABLE_OBJC_ARC = YES;
				CLANG_ENABLE_OBJC_WEAK = YES;
				CLANG_WARN_BLOCK_CAPTURE_AUTORELEASING = YES;
				CLANG_WARN_BOOL_CONVERSION = YES;
				CLANG_WARN_COMMA = YES;
				CLANG_WARN_CONSTANT_CONVERSION = YES;
				CLANG_WARN_DEPRECATED_OBJC_IMPLEMENTATIONS = YES;
				CLANG_WARN_DIRECT_OBJC_ISA_USAGE = YES_ERROR;
				CLANG_WARN_DOCUMENTATION_COMMENTS = YES;
				CLANG_WARN_EMPTY_BODY = YES;
				CLANG_WARN_ENUM_CONVERSION = YES;
				CLANG_WARN_INFINITE_RECURSION = YES;
				CLANG_WARN_INT_CONVERSION = YES;
				CLANG_WARN_NON_LITERAL_NULL_CONVERSION = YES;
				CLANG_WARN_OBJC_IMPLICIT_RETAIN_SELF = YES;
				CLANG_WARN_OBJC_LITERAL_CONVERSION = YES;
				CLANG_WARN_OBJC_ROOT_CLASS = YES_ERROR;
				CLANG_WARN_QUOTED_INCLUDE_IN_FRAMEWORK_HEADER = YES;
				CLANG_WARN_RANGE_LOOP_ANALYSIS = YES;
				CLANG_WARN_STRICT_PROTOTYPES = YES;
				CLANG_WARN_SUSPICIOUS_MOVE = YES;
				CLANG_WARN_UNGUARDED_AVAILABILITY = YES_AGGRESSIVE;
				CLANG_WARN_UNREACHABLE_CODE = YES;
				CLANG_WARN__DUPLICATE_METHOD_MATCH = YES;
				COPY_PHASE_STRIP = NO;
				DEBUG_INFORMATION_FORMAT = "dwarf-with-dsym";
				DEVELOPMENT_TEAM = N76S683655;
				ENABLE_NS_ASSERTIONS = NO;
				ENABLE_STRICT_OBJC_MSGSEND = YES;
				ENABLE_USER_SCRIPT_SANDBOXING = YES;
				GCC_C_LANGUAGE_STANDARD = gnu17;
				GCC_NO_COMMON_BLOCKS = YES;
				GCC_WARN_64_TO_32_BIT_CONVERSION = YES;
				GCC_WARN_ABOUT_RETURN_TYPE = YES_ERROR;
				GCC_WARN_UNDECLARED_SELECTOR = YES;
				GCC_WARN_UNINITIALIZED_AUTOS = YES_AGGRESSIVE;
				GCC_WARN_UNUSED_FUNCTION = YES;
				GCC_WARN_UNUSED_VARIABLE = YES;
				INFOPLIST_FILE = LifeGame/Info.plist;
				IPHONEOS_DEPLOYMENT_TARGET = 17.6;
				LOCALIZATION_PREFERS_STRING_CATALOGS = YES;
				MTL_ENABLE_DEBUG_INFO = NO;
				MTL_FAST_MATH = YES;
				SDKROOT = iphoneos;
				SWIFT_COMPILATION_MODE = wholemodule;
				VALIDATE_PRODUCT = YES;
			};
			name = Release;
		};
		9811BA622DF1B4DA005A2F71 /* Debug */ = {
			isa = XCBuildConfiguration;
			buildSettings = {
				ASSETCATALOG_COMPILER_APPICON_NAME = AppIcon;
				ASSETCATALOG_COMPILER_GLOBAL_ACCENT_COLOR_NAME = AccentColor;
				CODE_SIGN_STYLE = Automatic;
				CURRENT_PROJECT_VERSION = 1;
				DEVELOPMENT_TEAM = N76S683655;
				ENABLE_PREVIEWS = YES;
				GENERATE_INFOPLIST_FILE = NO;
				INFOPLIST_KEY_UIApplicationSceneManifest_Generation = YES;
				INFOPLIST_KEY_UIApplicationSupportsIndirectInputEvents = YES;
				INFOPLIST_KEY_UILaunchScreen_Generation = YES;
				INFOPLIST_KEY_UISupportedInterfaceOrientations_iPad = "UIInterfaceOrientationPortrait UIInterfaceOrientationPortraitUpsideDown UIInterfaceOrientationLandscapeLeft UIInterfaceOrientationLandscapeRight";
				INFOPLIST_KEY_UISupportedInterfaceOrientations_iPhone = "UIInterfaceOrientationPortrait UIInterfaceOrientationLandscapeLeft UIInterfaceOrientationLandscapeRight";
				IPHONEOS_DEPLOYMENT_TARGET = 17.6;
				LD_RUNPATH_SEARCH_PATHS = (
					"$(inherited)",
					"@executable_path/Frameworks",
				);
				MARKETING_VERSION = 1.0;
				PRODUCT_BUNDLE_IDENTIFIER = com.dmichaels.prufrock.LifeGame;
				PRODUCT_NAME = "$(TARGET_NAME)";
				SWIFT_EMIT_LOC_STRINGS = YES;
				SWIFT_VERSION = 5.0;
				TARGETED_DEVICE_FAMILY = "1,2";
			};
			name = Debug;
		};
		9811BA632DF1B4DA005A2F71 /* Release */ = {
			isa = XCBuildConfiguration;
			buildSettings = {
				ASSETCATALOG_COMPILER_APPICON_NAME = AppIcon;
				ASSETCATALOG_COMPILER_GLOBAL_ACCENT_COLOR_NAME = AccentColor;
				CODE_SIGN_STYLE = Automatic;
				CURRENT_PROJECT_VERSION = 1;
				DEVELOPMENT_TEAM = N76S683655;
				ENABLE_PREVIEWS = YES;
				GENERATE_INFOPLIST_FILE = NO;
				INFOPLIST_KEY_UIApplicationSceneManifest_Generation = YES;
				INFOPLIST_KEY_UIApplicationSupportsIndirectInputEvents = YES;
				INFOPLIST_KEY_UILaunchScreen_Generation = YES;
				INFOPLIST_KEY_UISupportedInterfaceOrientations_iPad = "UIInterfaceOrientationPortrait UIInterfaceOrientationPortraitUpsideDown UIInterfaceOrientationLandscapeLeft UIInterfaceOrientationLandscapeRight";
				INFOPLIST_KEY_UISupportedInterfaceOrientations_iPhone = "UIInterfaceOrientationPortrait UIInterfaceOrientationLandscapeLeft UIInterfaceOrientationLandscapeRight";
				IPHONEOS_DEPLOYMENT_TARGET = 17.6;
				LD_RUNPATH_SEARCH_PATHS = (
					"$(inherited)",
					"@executable_path/Frameworks",
				);
				MARKETING_VERSION = 1.0;
				PRODUCT_BUNDLE_IDENTIFIER = com.dmichaels.prufrock.LifeGame;
				PRODUCT_NAME = "$(TARGET_NAME)";
				SWIFT_EMIT_LOC_STRINGS = YES;
				SWIFT_VERSION = 5.0;
				TARGETED_DEVICE_FAMILY = "1,2";
			};
			name = Release;
		};
		9811BA652DF1B4DA005A2F71 /* Debug */ = {
			isa = XCBuildConfiguration;
			buildSettings = {
				BUNDLE_LOADER = "$(TEST_HOST)";
				CODE_SIGN_STYLE = Automatic;
				CURRENT_PROJECT_VERSION = 1;
				DEVELOPMENT_TEAM = N76S683655;
				GENERATE_INFOPLIST_FILE = YES;
				IPHONEOS_DEPLOYMENT_TARGET = 18.4;
				MARKETING_VERSION = 1.0;
				PRODUCT_BUNDLE_IDENTIFIER = com.dmichaels.prufrock.LifeGameTests;
				PRODUCT_NAME = "$(TARGET_NAME)";
				SWIFT_EMIT_LOC_STRINGS = NO;
				SWIFT_VERSION = 5.0;
				TARGETED_DEVICE_FAMILY = "1,2";
				TEST_HOST = "$(BUILT_PRODUCTS_DIR)/LifeGame.app/$(BUNDLE_EXECUTABLE_FOLDER_PATH)/LifeGame";
			};
			name = Debug;
		};
		9811BA662DF1B4DA005A2F71 /* Release */ = {
			isa = XCBuildConfiguration;
			buildSettings = {
				BUNDLE_LOADER = "$(TEST_HOST)";
				CODE_SIGN_STYLE = Automatic;
				CURRENT_PROJECT_VERSION = 1;
				DEVELOPMENT_TEAM = N76S683655;
				GENERATE_INFOPLIST_FILE = YES;
				IPHONEOS_DEPLOYMENT_TARGET = 18.4;
				MARKETING_VERSION = 1.0;
				PRODUCT_BUNDLE_IDENTIFIER = com.dmichaels.prufrock.LifeGameTests;
				PRODUCT_NAME = "$(TARGET_NAME)";
				SWIFT_EMIT_LOC_STRINGS = NO;
				SWIFT_VERSION = 5.0;
				TARGETED_DEVICE_FAMILY = "1,2";
				TEST_HOST = "$(BUILT_PRODUCTS_DIR)/LifeGame.app/$(BUNDLE_EXECUTABLE_FOLDER_PATH)/LifeGame";
			};
			name = Release;
		};
		9811BA682DF1B4DA005A2F71 /* Debug */ = {
			isa = XCBuildConfiguration;
			buildSettings = {
				CODE_SIGN_STYLE = Automatic;
				CURRENT_PROJECT_VERSION = 1;
				DEVELOPMENT_TEAM = N76S683655;
				GENERATE_INFOPLIST_FILE = YES;
				MARKETING_VERSION = 1.0;
				PRODUCT_BUNDLE_IDENTIFIER = com.dmichaels.prufrock.LifeGameUITests;
				PRODUCT_NAME = "$(TARGET_NAME)";
				SWIFT_EMIT_LOC_STRINGS = NO;
				SWIFT_VERSION = 5.0;
				TARGETED_DEVICE_FAMILY = "1,2";
				TEST_TARGET_NAME = LifeGame;
			};
			name = Debug;
		};
		9811BA692DF1B4DA005A2F71 /* Release */ = {
			isa = XCBuildConfiguration;
			buildSettings = {
				CODE_SIGN_STYLE = Automatic;
				CURRENT_PROJECT_VERSION = 1;
				DEVELOPMENT_TEAM = N76S683655;
				GENERATE_INFOPLIST_FILE = YES;
				MARKETING_VERSION = 1.0;
				PRODUCT_BUNDLE_IDENTIFIER = com.dmichaels.prufrock.LifeGameUITests;
				PRODUCT_NAME = "$(TARGET_NAME)";
				SWIFT_EMIT_LOC_STRINGS = NO;
				SWIFT_VERSION = 5.0;
				TARGETED_DEVICE_FAMILY = "1,2";
				TEST_TARGET_NAME = LifeGame;
			};
			name = Release;
		};
/* End XCBuildConfiguration section */

/* Begin XCConfigurationList section */
		9811BA3B2DF1B4D9005A2F71 /* Build configuration list for PBXProject "LifeGame" */ = {
			isa = XCConfigurationList;
			buildConfigurations = (
				9811BA5F2DF1B4DA005A2F71 /* Debug */,
				9811BA602DF1B4DA005A2F71 /* Release */,
			);
			defaultConfigurationIsVisible = 0;
			defaultConfigurationName = Release;
		};
		9811BA612DF1B4DA005A2F71 /* Build configuration list for PBXNativeTarget "LifeGame" */ = {
			isa = XCConfigurationList;
			buildConfigurations = (
				9811BA622DF1B4DA005A2F71 /* Debug */,
				9811BA632DF1B4DA005A2F71 /* Release */,
			);
			defaultConfigurationIsVisible = 0;
			defaultConfigurationName = Release;
		};
		9811BA642DF1B4DA005A2F71 /* Build configuration list for PBXNativeTarget "LifeGameTests" */ = {
			isa = XCConfigurationList;
			buildConfigurations = (
				9811BA652DF1B4DA005A2F71 /* Debug */,
				9811BA662DF1B4DA005A2F71 /* Release */,
			);
			defaultConfigurationIsVisible = 0;
			defaultConfigurationName = Release;
		};
		9811BA672DF1B4DA005A2F71 /* Build configuration list for PBXNativeTarget "LifeGameUITests" */ = {
			isa = XCConfigurationList;
			buildConfigurations = (
				9811BA682DF1B4DA005A2F71 /* Debug */,
				9811BA692DF1B4DA005A2F71 /* Release */,
			);
			defaultConfigurationIsVisible = 0;
			defaultConfigurationName = Release;
		};
/* End XCConfigurationList section */

/* Begin XCLocalSwiftPackageReference section */
		9811BA6A2DF1B52D005A2F71 /* XCLocalSwiftPackageReference "../../ios-utils/Utils" */ = {
			isa = XCLocalSwiftPackageReference;
			relativePath = "../../ios-utils/Utils";
		};
		9811BA6D2DF1B55E005A2F71 /* XCLocalSwiftPackageReference "../../ios-cellgridview/CellGridView" */ = {
			isa = XCLocalSwiftPackageReference;
			relativePath = "../../ios-cellgridview/CellGridView";
		};
/* End XCLocalSwiftPackageReference section */

/* Begin XCSwiftPackageProductDependency section */
		9811BA6B2DF1B52D005A2F71 /* Utils */ = {
			isa = XCSwiftPackageProductDependency;
			productName = Utils;
		};
		9811BA6E2DF1B55E005A2F71 /* CellGridView */ = {
			isa = XCSwiftPackageProductDependency;
			productName = CellGridView;
		};
/* End XCSwiftPackageProductDependency section */
	};
	rootObject = 9811BA382DF1B4D9005A2F71 /* Project object */;
}
